
Microsoft Visual Studio Solution File, Format Version 12.00
# Visual Studio Version 16
VisualStudioVersion = 16.0.30804.86
MinimumVisualStudioVersion = 10.0.40219.1
Project("{FAE04EC0-301F-11D3-BF4B-00C04F79EFBC}") = "Summary.API", "Summary.API\Summary.API.csproj", "{8EABE47B-D8A2-497A-A89C-E6FDFD94F12B}"
EndProject
Global
	GlobalSection(SolutionConfigurationPlatforms) = preSolution
		Debug|Any CPU = Debug|Any CPU
		Release|Any CPU = Release|Any CPU
	EndGlobalSection
	GlobalSection(ProjectConfigurationPlatforms) = postSolution
		{8EABE47B-D8A2-497A-A89C-E6FDFD94F12B}.Debug|Any CPU.ActiveCfg = Debug|Any CPU
		{8EABE47B-D8A2-497A-A89C-E6FDFD94F12B}.Debug|Any CPU.Build.0 = Debug|Any CPU
		{8EABE47B-D8A2-497A-A89C-E6FDFD94F12B}.Release|Any CPU.ActiveCfg = Release|Any CPU
		{8EABE47B-D8A2-497A-A89C-E6FDFD94F12B}.Release|Any CPU.Build.0 = Release|Any CPU
	EndGlobalSection
	GlobalSection(SolutionProperties) = preSolution
		HideSolutionNode = FALSE
	EndGlobalSection
	GlobalSection(ExtensibilityGlobals) = postSolution
		SolutionGuid = {0ED0A50E-5D73-40AC-BA83-B9812D17204E}
	EndGlobalSection
EndGlobal
